
Microsoft Visual Studio Solution File, Format Version 12.00
# Visual Studio Version 17
VisualStudioVersion = 17.5.33424.131
MinimumVisualStudioVersion = 10.0.40219.1
Project("{9A19103F-16F7-4668-BE54-9A1E7A4F7556}") = "ASMC5", "ASMC5\ASMC5.csproj", "{E1E9F46E-FE21-4E95-8D99-C7A77E78593F}"
EndProject
Project("{2150E333-8FDC-42A3-9474-1A3956D46DE8}") = "Server", "Server", "{86DD397F-E593-4CA1-BC8C-5C5BCECF0F24}"
EndProject
Project("{9A19103F-16F7-4668-BE54-9A1E7A4F7556}") = "BILL", "BILL\BILL.csproj", "{1D609C0E-3301-439F-AD4E-26D08D2DC7E7}"
EndProject
Project("{9A19103F-16F7-4668-BE54-9A1E7A4F7556}") = "APIServer", "APIService\APIServer.csproj", "{30D498B8-FDD3-4C39-937C-A0DECE1AB060}"
EndProject
Global
	GlobalSection(SolutionConfigurationPlatforms) = preSolution
		Debug|Any CPU = Debug|Any CPU
		Release|Any CPU = Release|Any CPU
	EndGlobalSection
	GlobalSection(ProjectConfigurationPlatforms) = postSolution
		{E1E9F46E-FE21-4E95-8D99-C7A77E78593F}.Debug|Any CPU.ActiveCfg = Debug|Any CPU
		{E1E9F46E-FE21-4E95-8D99-C7A77E78593F}.Debug|Any CPU.Build.0 = Debug|Any CPU
		{E1E9F46E-FE21-4E95-8D99-C7A77E78593F}.Release|Any CPU.ActiveCfg = Release|Any CPU
		{E1E9F46E-FE21-4E95-8D99-C7A77E78593F}.Release|Any CPU.Build.0 = Release|Any CPU
		{1D609C0E-3301-439F-AD4E-26D08D2DC7E7}.Debug|Any CPU.ActiveCfg = Debug|Any CPU
		{1D609C0E-3301-439F-AD4E-26D08D2DC7E7}.Debug|Any CPU.Build.0 = Debug|Any CPU
		{1D609C0E-3301-439F-AD4E-26D08D2DC7E7}.Release|Any CPU.ActiveCfg = Release|Any CPU
		{1D609C0E-3301-439F-AD4E-26D08D2DC7E7}.Release|Any CPU.Build.0 = Release|Any CPU
		{30D498B8-FDD3-4C39-937C-A0DECE1AB060}.Debug|Any CPU.ActiveCfg = Debug|Any CPU
		{30D498B8-FDD3-4C39-937C-A0DECE1AB060}.Debug|Any CPU.Build.0 = Debug|Any CPU
		{30D498B8-FDD3-4C39-937C-A0DECE1AB060}.Release|Any CPU.ActiveCfg = Release|Any CPU
		{30D498B8-FDD3-4C39-937C-A0DECE1AB060}.Release|Any CPU.Build.0 = Release|Any CPU
	EndGlobalSection
	GlobalSection(SolutionProperties) = preSolution
		HideSolutionNode = FALSE
	EndGlobalSection
	GlobalSection(NestedProjects) = preSolution
		{1D609C0E-3301-439F-AD4E-26D08D2DC7E7} = {86DD397F-E593-4CA1-BC8C-5C5BCECF0F24}
		{30D498B8-FDD3-4C39-937C-A0DECE1AB060} = {86DD397F-E593-4CA1-BC8C-5C5BCECF0F24}
	EndGlobalSection
	GlobalSection(ExtensibilityGlobals) = postSolution
		SolutionGuid = {7552CA0C-CA31-496C-A3F9-AB856A3C40D4}
	EndGlobalSection
EndGlobal
