
Microsoft Visual Studio Solution File, Format Version 12.00
# Visual Studio Version 17
VisualStudioVersion = 17.5.33424.131
MinimumVisualStudioVersion = 10.0.40219.1
Project("{9A19103F-16F7-4668-BE54-9A1E7A4F7556}") = "DAL", "Server\DAL\DAL.csproj", "{EF0CD4C5-1CD4-45EF-B1D2-9299BF961A71}"
EndProject
Project("{9A19103F-16F7-4668-BE54-9A1E7A4F7556}") = "BLL", "Server\BILL\BLL.csproj", "{5895F558-B942-479B-B4CF-180D357999C0}"
EndProject
Project("{9A19103F-16F7-4668-BE54-9A1E7A4F7556}") = "APIServer", "Server\APIService\APIServer.csproj", "{172FA746-D0D7-4D25-B207-0B608BE3A7DA}"
EndProject
Project("{2150E333-8FDC-42A3-9474-1A3956D46DE8}") = "Server", "Server", "{690064C1-09CC-4B28-BBB3-5294ED3AF734}"
EndProject
Project("{9A19103F-16F7-4668-BE54-9A1E7A4F7556}") = "ClientUI", "ClientUI\ClientUI.csproj", "{D17994AA-C9B0-4560-BF6D-740CC2381DCB}"
EndProject
Project("{FAE04EC0-301F-11D3-BF4B-00C04F79EFBC}") = "UploadFile", "UploadFile\UploadFile.csproj", "{A9A4EE63-3563-4126-9275-2B335425AE1B}"
EndProject
Global
	GlobalSection(SolutionConfigurationPlatforms) = preSolution
		Debug|Any CPU = Debug|Any CPU
		Release|Any CPU = Release|Any CPU
	EndGlobalSection
	GlobalSection(ProjectConfigurationPlatforms) = postSolution
		{EF0CD4C5-1CD4-45EF-B1D2-9299BF961A71}.Debug|Any CPU.ActiveCfg = Debug|Any CPU
		{EF0CD4C5-1CD4-45EF-B1D2-9299BF961A71}.Debug|Any CPU.Build.0 = Debug|Any CPU
		{EF0CD4C5-1CD4-45EF-B1D2-9299BF961A71}.Release|Any CPU.ActiveCfg = Release|Any CPU
		{EF0CD4C5-1CD4-45EF-B1D2-9299BF961A71}.Release|Any CPU.Build.0 = Release|Any CPU
		{5895F558-B942-479B-B4CF-180D357999C0}.Debug|Any CPU.ActiveCfg = Debug|Any CPU
		{5895F558-B942-479B-B4CF-180D357999C0}.Debug|Any CPU.Build.0 = Debug|Any CPU
		{5895F558-B942-479B-B4CF-180D357999C0}.Release|Any CPU.ActiveCfg = Release|Any CPU
		{5895F558-B942-479B-B4CF-180D357999C0}.Release|Any CPU.Build.0 = Release|Any CPU
		{172FA746-D0D7-4D25-B207-0B608BE3A7DA}.Debug|Any CPU.ActiveCfg = Debug|Any CPU
		{172FA746-D0D7-4D25-B207-0B608BE3A7DA}.Debug|Any CPU.Build.0 = Debug|Any CPU
		{172FA746-D0D7-4D25-B207-0B608BE3A7DA}.Release|Any CPU.ActiveCfg = Release|Any CPU
		{172FA746-D0D7-4D25-B207-0B608BE3A7DA}.Release|Any CPU.Build.0 = Release|Any CPU
		{D17994AA-C9B0-4560-BF6D-740CC2381DCB}.Debug|Any CPU.ActiveCfg = Debug|Any CPU
		{D17994AA-C9B0-4560-BF6D-740CC2381DCB}.Debug|Any CPU.Build.0 = Debug|Any CPU
		{D17994AA-C9B0-4560-BF6D-740CC2381DCB}.Release|Any CPU.ActiveCfg = Release|Any CPU
		{D17994AA-C9B0-4560-BF6D-740CC2381DCB}.Release|Any CPU.Build.0 = Release|Any CPU
		{A9A4EE63-3563-4126-9275-2B335425AE1B}.Debug|Any CPU.ActiveCfg = Debug|Any CPU
		{A9A4EE63-3563-4126-9275-2B335425AE1B}.Debug|Any CPU.Build.0 = Debug|Any CPU
		{A9A4EE63-3563-4126-9275-2B335425AE1B}.Release|Any CPU.ActiveCfg = Release|Any CPU
		{A9A4EE63-3563-4126-9275-2B335425AE1B}.Release|Any CPU.Build.0 = Release|Any CPU
	EndGlobalSection
	GlobalSection(SolutionProperties) = preSolution
		HideSolutionNode = FALSE
	EndGlobalSection
	GlobalSection(NestedProjects) = preSolution
		{EF0CD4C5-1CD4-45EF-B1D2-9299BF961A71} = {690064C1-09CC-4B28-BBB3-5294ED3AF734}
		{5895F558-B942-479B-B4CF-180D357999C0} = {690064C1-09CC-4B28-BBB3-5294ED3AF734}
		{172FA746-D0D7-4D25-B207-0B608BE3A7DA} = {690064C1-09CC-4B28-BBB3-5294ED3AF734}
		{A9A4EE63-3563-4126-9275-2B335425AE1B} = {690064C1-09CC-4B28-BBB3-5294ED3AF734}
	EndGlobalSection
	GlobalSection(ExtensibilityGlobals) = postSolution
		SolutionGuid = {7552CA0C-CA31-496C-A3F9-AB856A3C40D4}
	EndGlobalSection
EndGlobal
